
Microsoft Visual Studio Solution File, Format Version 12.00
# Visual Studio Version 17
VisualStudioVersion = 17.13.35919.96
MinimumVisualStudioVersion = 10.0.40219.1
Project("{FAE04EC0-301F-11D3-BF4B-00C04F79EFBC}") = "Homework", "Homework\Homework.csproj", "{9D72682E-E128-4BC1-ABDB-0B088608EEA9}"
EndProject
Project("{FAE04EC0-301F-11D3-BF4B-00C04F79EFBC}") = "Tests", "Tests\Tests.csproj", "{8B5F47E5-6763-417B-AE09-6C21F42482DE}"
EndProject
Global
	GlobalSection(SolutionConfigurationPlatforms) = preSolution
		Debug|Any CPU = Debug|Any CPU
		Release|Any CPU = Release|Any CPU
	EndGlobalSection
	GlobalSection(ProjectConfigurationPlatforms) = postSolution
		{9D72682E-E128-4BC1-ABDB-0B088608EEA9}.Debug|Any CPU.ActiveCfg = Debug|Any CPU
		{9D72682E-E128-4BC1-ABDB-0B088608EEA9}.Debug|Any CPU.Build.0 = Debug|Any CPU
		{9D72682E-E128-4BC1-ABDB-0B088608EEA9}.Release|Any CPU.ActiveCfg = Release|Any CPU
		{9D72682E-E128-4BC1-ABDB-0B088608EEA9}.Release|Any CPU.Build.0 = Release|Any CPU
		{8B5F47E5-6763-417B-AE09-6C21F42482DE}.Debug|Any CPU.ActiveCfg = Debug|Any CPU
		{8B5F47E5-6763-417B-AE09-6C21F42482DE}.Debug|Any CPU.Build.0 = Debug|Any CPU
		{8B5F47E5-6763-417B-AE09-6C21F42482DE}.Release|Any CPU.ActiveCfg = Release|Any CPU
		{8B5F47E5-6763-417B-AE09-6C21F42482DE}.Release|Any CPU.Build.0 = Release|Any CPU
	EndGlobalSection
	GlobalSection(SolutionProperties) = preSolution
		HideSolutionNode = FALSE
	EndGlobalSection
	GlobalSection(ExtensibilityGlobals) = postSolution
		SolutionGuid = {BB982F93-E4F0-433B-A9BE-111E73E7CE7E}
	EndGlobalSection
EndGlobal
